
Microsoft Visual Studio Solution File, Format Version 12.00
# Visual Studio 15
Project("{FAE04EC0-301F-11D3-BF4B-00C04F79EFBC}") = "Assembly-CSharp-Editor", "Assembly-CSharp-Editor.csproj", "{A72294F1-DDBD-6536-9F48-BC751EE3D6BC}"
EndProject
Project("{FAE04EC0-301F-11D3-BF4B-00C04F79EFBC}") = "Assembly-CSharp", "Assembly-CSharp.csproj", "{7A25CF54-49DA-F82E-2530-EC22B02D29DA}"
EndProject
Global
	GlobalSection(SolutionConfigurationPlatforms) = preSolution
		Debug|Any CPU = Debug|Any CPU
		Release|Any CPU = Release|Any CPU
	EndGlobalSection
	GlobalSection(ProjectConfigurationPlatforms) = postSolution
		{A72294F1-DDBD-6536-9F48-BC751EE3D6BC}.Debug|Any CPU.ActiveCfg = Debug|Any CPU
		{A72294F1-DDBD-6536-9F48-BC751EE3D6BC}.Debug|Any CPU.Build.0 = Debug|Any CPU
		{A72294F1-DDBD-6536-9F48-BC751EE3D6BC}.Release|Any CPU.ActiveCfg = Release|Any CPU
		{A72294F1-DDBD-6536-9F48-BC751EE3D6BC}.Release|Any CPU.Build.0 = Release|Any CPU
		{7A25CF54-49DA-F82E-2530-EC22B02D29DA}.Debug|Any CPU.ActiveCfg = Debug|Any CPU
		{7A25CF54-49DA-F82E-2530-EC22B02D29DA}.Debug|Any CPU.Build.0 = Debug|Any CPU
		{7A25CF54-49DA-F82E-2530-EC22B02D29DA}.Release|Any CPU.ActiveCfg = Release|Any CPU
		{7A25CF54-49DA-F82E-2530-EC22B02D29DA}.Release|Any CPU.Build.0 = Release|Any CPU
	EndGlobalSection
	GlobalSection(SolutionProperties) = preSolution
		HideSolutionNode = FALSE
	EndGlobalSection
EndGlobal
